
Microsoft Visual Studio Solution File, Format Version 12.00
# Visual Studio 15
VisualStudioVersion = 15.0.28307.1259
MinimumVisualStudioVersion = 10.0.40219.1
Project("{FAE04EC0-301F-11D3-BF4B-00C04F79EFBC}") = "Doanquanlythuvienv2", "Doanquanlythuvienv2\Doanquanlythuvienv2.csproj", "{613AA6D0-9BFC-41B3-91EF-AA64FCE039AB}"
EndProject
Global
	GlobalSection(SolutionConfigurationPlatforms) = preSolution
		Debug|Any CPU = Debug|Any CPU
		Release|Any CPU = Release|Any CPU
	EndGlobalSection
	GlobalSection(ProjectConfigurationPlatforms) = postSolution
		{613AA6D0-9BFC-41B3-91EF-AA64FCE039AB}.Debug|Any CPU.ActiveCfg = Debug|Any CPU
		{613AA6D0-9BFC-41B3-91EF-AA64FCE039AB}.Debug|Any CPU.Build.0 = Debug|Any CPU
		{613AA6D0-9BFC-41B3-91EF-AA64FCE039AB}.Release|Any CPU.ActiveCfg = Release|Any CPU
		{613AA6D0-9BFC-41B3-91EF-AA64FCE039AB}.Release|Any CPU.Build.0 = Release|Any CPU
	EndGlobalSection
	GlobalSection(SolutionProperties) = preSolution
		HideSolutionNode = FALSE
	EndGlobalSection
	GlobalSection(ExtensibilityGlobals) = postSolution
		SolutionGuid = {9B17E251-7EC4-495B-82D1-2055B357A0F5}
	EndGlobalSection
EndGlobal
